
Microsoft Visual Studio Solution File, Format Version 12.00
# Visual Studio 15
VisualStudioVersion = 15.0.28010.2050
MinimumVisualStudioVersion = 10.0.40219.1
Project("{FAE04EC0-301F-11D3-BF4B-00C04F79EFBC}") = "WebApplication1", "WebApplication1\WebApplication1.csproj", "{EA370D14-A752-4445-8BE5-F62BCA504A45}"
EndProject
Global
	GlobalSection(SolutionConfigurationPlatforms) = preSolution
		Debug|Any CPU = Debug|Any CPU
		Release|Any CPU = Release|Any CPU
	EndGlobalSection
	GlobalSection(ProjectConfigurationPlatforms) = postSolution
		{EA370D14-A752-4445-8BE5-F62BCA504A45}.Debug|Any CPU.ActiveCfg = Debug|Any CPU
		{EA370D14-A752-4445-8BE5-F62BCA504A45}.Debug|Any CPU.Build.0 = Debug|Any CPU
		{EA370D14-A752-4445-8BE5-F62BCA504A45}.Release|Any CPU.ActiveCfg = Release|Any CPU
		{EA370D14-A752-4445-8BE5-F62BCA504A45}.Release|Any CPU.Build.0 = Release|Any CPU
	EndGlobalSection
	GlobalSection(SolutionProperties) = preSolution
		HideSolutionNode = FALSE
	EndGlobalSection
	GlobalSection(ExtensibilityGlobals) = postSolution
		SolutionGuid = {A9B52F73-9CDA-424D-B077-306AF698D3FE}
	EndGlobalSection
EndGlobal
